{
  "nodes": {
    "dotfiles": {
      "flake": false,
      "locked": {
        "lastModified": 1714415711,
        "narHash": "sha256-KQfPY5hXe4l2403aadhYgRDbub+qWud5EVIB0+tp0JU=",
        "owner": "vncsb",
        "repo": "dotfiles",
        "rev": "229c935861c90d57da3735cb774db237c91afded",
        "type": "github"
      },
      "original": {
        "owner": "vncsb",
        "repo": "dotfiles",
        "type": "github"
      }
    },
    "home-manager": {
      "inputs": {
        "nixpkgs": [
          "nixpkgs"
        ]
      },
      "locked": {
        "lastModified": 1714515075,
        "narHash": "sha256-azMK7aWH0eUc3IqU4Fg5rwZdB9WZBvimOGG3piqvtsY=",
        "owner": "nix-community",
        "repo": "home-manager",
        "rev": "6d3b6dc9222c12b951169becdf4b0592ee9576ef",
        "type": "github"
      },
      "original": {
        "owner": "nix-community",
        "repo": "home-manager",
        "type": "github"
      }
    },
    "nixlib": {
      "locked": {
        "lastModified": 1712450863,
        "narHash": "sha256-K6IkdtMtq9xktmYPj0uaYc8NsIqHuaAoRBaMgu9Fvrw=",
        "owner": "nix-community",
        "repo": "nixpkgs.lib",
        "rev": "3c62b6a12571c9a7f65ab037173ee153d539905f",
        "type": "github"
      },
      "original": {
        "owner": "nix-community",
        "repo": "nixpkgs.lib",
        "type": "github"
      }
    },
    "nixos-generators": {
      "inputs": {
        "nixlib": "nixlib",
        "nixpkgs": [
          "nixpkgs"
        ]
      },
      "locked": {
        "lastModified": 1713783234,
        "narHash": "sha256-3yh0nqI1avYUmmtqqTW3EVfwaLE+9ytRWxsA5aWtmyI=",
        "owner": "nix-community",
        "repo": "nixos-generators",
        "rev": "722b512eb7e6915882f39fff0e4c9dd44f42b77e",
        "type": "github"
      },
      "original": {
        "owner": "nix-community",
        "repo": "nixos-generators",
        "type": "github"
      }
    },
    "nixpkgs": {
      "locked": {
        "lastModified": 1714575459,
        "narHash": "sha256-ag5FLHODPV/qTzCP10c/GVLW6Gvl7EjyNFRRBsQpMls=",
        "owner": "NixOS",
        "repo": "nixpkgs",
        "rev": "6950489db4e1efba9d359dfbcaec38bba2166b26",
        "type": "github"
      },
      "original": {
        "id": "nixpkgs",
        "ref": "master",
        "type": "indirect"
      }
    },
    "nixpkgs-stable": {
      "locked": {
        "lastModified": 1714409183,
        "narHash": "sha256-Wacm/DrzLD7mjFGnSxxyGkJgg2unU/dNdNgdngBH+RU=",
        "owner": "nixos",
        "repo": "nixpkgs",
        "rev": "576ecd43d3b864966b4423a853412d6177775e8b",
        "type": "github"
      },
      "original": {
        "owner": "nixos",
        "ref": "nixos-23.11",
        "repo": "nixpkgs",
        "type": "github"
      }
    },
    "root": {
      "inputs": {
        "dotfiles": "dotfiles",
        "home-manager": "home-manager",
        "nixos-generators": "nixos-generators",
        "nixpkgs": "nixpkgs",
        "nixpkgs-stable": "nixpkgs-stable"
      }
    }
  },
  "root": "root",
  "version": 7
}
